%{
  "beam_notify": {:hex, :beam_notify, "1.0.0", "5b8dceed76f8ac4acadf4d2915ac85b98c42bb17d7dd58253c7593d2a0deedbd", [:make, :mix], [{:elixir_make, "~> 0.6", [hex: :elixir_make, repo: "hexpm", optional: false]}], "hexpm", "a80331f6c3596918affa408d91ed634106b7ae71b3fc589432363aca68378362"},
  "circular_buffer": {:hex, :circular_buffer, "0.4.0", "a51ea76bb03c4a38207934264bcc600018ead966728ca80da731458c5f940f8b", [:mix], [], "hexpm", "c604b19f2101982b63264e2ed90c6fb0fe502540b6af83ce95135ac9b6f2d847"},
  "elixir_make": {:hex, :elixir_make, "0.6.3", "bc07d53221216838d79e03a8019d0839786703129599e9619f4ab74c8c096eac", [:mix], [], "hexpm", "f5cbd651c5678bcaabdbb7857658ee106b12509cd976c2c2fca99688e1daf716"},
  "gen_state_machine": {:hex, :gen_state_machine, "3.0.0", "1e57f86a494e5c6b14137ebef26a7eb342b3b0070c7135f2d6768ed3f6b6cdff", [:mix], [], "hexpm", "0a59652574bebceb7309f6b749d2a41b45fdeda8dbb4da0791e355dd19f0ed15"},
  "mdns_lite": {:hex, :mdns_lite, "0.8.4", "6daa3ff4ec046f2e87a0d8f6de315fe9607f469ae2fe5f5978c9ef16152e60cb", [:mix], [{:vintage_net, "~> 0.7", [hex: :vintage_net, repo: "hexpm", optional: true]}], "hexpm", "1fa1d1939eb8de081a76fe140641af6230e344f38077f9f30a1f65537f3b6eed"},
  "muontrap": {:hex, :muontrap, "0.6.1", "fa11dc9152470c4d0ce5a5fcb6524d8c1edc9bf6d63b3f6a89096f1e751ae271", [:make, :mix], [{:elixir_make, "~> 0.6", [hex: :elixir_make, repo: "hexpm", optional: false]}], "hexpm", "86d1ef2fa0a30435a1d595e96f631ad4a24a931d8d855688e012fadd7147bd1d"},
  "nerves": {:hex, :nerves, "1.7.12", "7fbe49c14c9f17efdb8213cb86ebf6b186437cfbbf10a9c6ab132bc61eb2ec27", [:make, :mix], [{:elixir_make, "~> 0.6", [hex: :elixir_make, repo: "hexpm", optional: false]}, {:jason, "~> 1.2", [hex: :jason, repo: "hexpm", optional: true]}], "hexpm", "43806d6c310959ebdff4e6998a5c330782d1a4bed1267950f4a7ebe9edad3344"},
  "nerves_motd": {:hex, :nerves_motd, "0.1.5", "b7bc3aafec74580a55ee7cb3f025fce30f37987a1e837fa5b25b9bd9fcd80faa", [:mix], [{:nerves_runtime, "~> 0.8", [hex: :nerves_runtime, repo: "hexpm", optional: false]}, {:nerves_time_zones, "~> 0.1", [hex: :nerves_time_zones, repo: "hexpm", optional: true]}], "hexpm", "99d88cfa43cc75ab57b78ff463fe31d02b56e805863377cc816619a364b9ecb7"},
  "nerves_pack": {:hex, :nerves_pack, "0.5.0", "c48a600940d302cc4595668f54439aa27745554756045ddab2a2a46178350fd7", [:mix], [{:mdns_lite, "~> 0.6", [hex: :mdns_lite, repo: "hexpm", optional: false]}, {:nerves_motd, "~> 0.1", [hex: :nerves_motd, repo: "hexpm", optional: false]}, {:nerves_runtime, "~> 0.6", [hex: :nerves_runtime, repo: "hexpm", optional: false]}, {:nerves_ssh, "~> 0.2", [hex: :nerves_ssh, repo: "hexpm", optional: false]}, {:nerves_time, "~> 0.3", [hex: :nerves_time, repo: "hexpm", optional: false]}, {:ring_logger, "~> 0.8", [hex: :ring_logger, repo: "hexpm", optional: false]}, {:vintage_net, "~> 0.7", [hex: :vintage_net, repo: "hexpm", optional: false]}, {:vintage_net_direct, "~> 0.7", [hex: :vintage_net_direct, repo: "hexpm", optional: false]}, {:vintage_net_ethernet, "~> 0.7", [hex: :vintage_net_ethernet, repo: "hexpm", optional: false]}, {:vintage_net_wifi, "~> 0.7", [hex: :vintage_net_wifi, repo: "hexpm", optional: false]}], "hexpm", "279116b3b66c8fed710732bceaa60e91b9e7b83747ba087a1f57d3cc3c038cdb"},
  "nerves_runtime": {:hex, :nerves_runtime, "0.11.8", "dbfb1fbe5507c25c359d95118f007723a6aaa546d98e3425a81b54a8ab2dc81f", [:make, :mix], [{:elixir_make, "~> 0.6", [hex: :elixir_make, repo: "hexpm", optional: false]}, {:system_registry, "~> 0.8.0", [hex: :system_registry, repo: "hexpm", optional: false]}, {:uboot_env, "~> 1.0 or ~> 0.3.0", [hex: :uboot_env, repo: "hexpm", optional: false]}], "hexpm", "575b3ff1e030bbc060ec851d3a3530e6ba174f5f40575a472b0ee9f57c281831"},
  "nerves_ssh": {:hex, :nerves_ssh, "0.2.3", "616527fc3adffcb32e12cf9392565f23bde43e0da292c91d1ed344b945fd203a", [:mix], [{:nerves_runtime, "~> 0.11", [hex: :nerves_runtime, repo: "hexpm", optional: false]}, {:ssh_subsystem_fwup, "~> 0.5", [hex: :ssh_subsystem_fwup, repo: "hexpm", optional: false]}], "hexpm", "accc4b53dce2054160ae4734a27945276016f45185af293cd4f0e3987f10d2af"},
  "nerves_system_bbb": {:hex, :nerves_system_bbb, "2.11.2", "bc0f23f6ec7d7f1a664bd2ac0b9bf4025a39d96969057fac042508d12d5c6967", [:mix], [{:nerves, "~> 1.5.4 or ~> 1.6.0 or ~> 1.7.4", [hex: :nerves, repo: "hexpm", optional: false]}, {:nerves_system_br, "1.16.4", [hex: :nerves_system_br, repo: "hexpm", optional: false]}, {:nerves_toolchain_armv7_nerves_linux_gnueabihf, "~> 1.4.3", [hex: :nerves_toolchain_armv7_nerves_linux_gnueabihf, repo: "hexpm", optional: false]}], "hexpm", "cce220a069f735dd3bb1557a1a347d58233ecfd6a13ccf52a3eeb0c0139ddbf3"},
  "nerves_system_br": {:hex, :nerves_system_br, "1.16.4", "daff9a84165b9f4971a42d2ab4f92c30332bacc2a65dd28e7e62417a41af9264", [:mix], [], "hexpm", "c057407098bd50d2e1196984816490229a6fdc506c3824559e8a1a5531b18cf3"},
  "nerves_system_osd32mp1": {:hex, :nerves_system_osd32mp1, "0.7.2", "3b39e294a5373a5e16b4e6a9456cd56bb29344eb4547b47f40b75a3a919694c3", [:mix], [{:nerves, "~> 1.5.4 or ~> 1.6.0 or ~> 1.7.4", [hex: :nerves, repo: "hexpm", optional: false]}, {:nerves_system_br, "1.16.4", [hex: :nerves_system_br, repo: "hexpm", optional: false]}, {:nerves_toolchain_armv7_nerves_linux_gnueabihf, "~> 1.4.3", [hex: :nerves_toolchain_armv7_nerves_linux_gnueabihf, repo: "hexpm", optional: false]}], "hexpm", "657df43a4fc8d6c7a53e56313a00d7ac1bbe0c6fa260dfe4d66133f4fe9916b1"},
  "nerves_system_rpi": {:hex, :nerves_system_rpi, "1.16.2", "a3173818903cf0a584d5838ac6c48f44138cdad0b50374b47906553ae86171cb", [:mix], [{:nerves, "~> 1.5.4 or ~> 1.6.0 or ~> 1.7.3", [hex: :nerves, repo: "hexpm", optional: false]}, {:nerves_system_br, "1.16.4", [hex: :nerves_system_br, repo: "hexpm", optional: false]}, {:nerves_toolchain_armv6_nerves_linux_gnueabihf, "~> 1.4.3", [hex: :nerves_toolchain_armv6_nerves_linux_gnueabihf, repo: "hexpm", optional: false]}], "hexpm", "9c82a58a808dd784333949d7d9351eb8d9dc095c175e9aed0d9cf0de65843a84"},
  "nerves_system_rpi0": {:hex, :nerves_system_rpi0, "1.16.2", "85ef4bfc18cd2b475712332f89921196b883dc617d20cab0c7a6cff2777be2cf", [:mix], [{:nerves, "~> 1.5.4 or ~> 1.6.0 or ~> 1.7.3", [hex: :nerves, repo: "hexpm", optional: false]}, {:nerves_system_br, "1.16.4", [hex: :nerves_system_br, repo: "hexpm", optional: false]}, {:nerves_toolchain_armv6_nerves_linux_gnueabihf, "~> 1.4.3", [hex: :nerves_toolchain_armv6_nerves_linux_gnueabihf, repo: "hexpm", optional: false]}], "hexpm", "f39579bba2ad5c2f0bf93e8239a93bf4faac86369170e27f1a4a3b071833b70c"},
  "nerves_system_rpi2": {:hex, :nerves_system_rpi2, "1.16.2", "b4e44e469419a47a0a13d1c4f0b36ee3635eb3a905cf6da6397132c7b6af136c", [:mix], [{:nerves, "~> 1.5.4 or ~> 1.6.0 or ~> 1.7.4", [hex: :nerves, repo: "hexpm", optional: false]}, {:nerves_system_br, "1.16.4", [hex: :nerves_system_br, repo: "hexpm", optional: false]}, {:nerves_toolchain_armv7_nerves_linux_gnueabihf, "~> 1.4.3", [hex: :nerves_toolchain_armv7_nerves_linux_gnueabihf, repo: "hexpm", optional: false]}], "hexpm", "56b613797ca33809c2144dcf6535d16e41832d307771358c93410ca76ecab9f4"},
  "nerves_system_rpi3": {:hex, :nerves_system_rpi3, "1.16.2", "b4bcb8452058fd6636c7e124630dc2a19a580125dd8f5760b7b8cd861f7ebc23", [:mix], [{:nerves, "~> 1.5.4 or ~> 1.6.0 or ~> 1.7.4", [hex: :nerves, repo: "hexpm", optional: false]}, {:nerves_system_br, "1.16.4", [hex: :nerves_system_br, repo: "hexpm", optional: false]}, {:nerves_toolchain_armv7_nerves_linux_gnueabihf, "~> 1.4.3", [hex: :nerves_toolchain_armv7_nerves_linux_gnueabihf, repo: "hexpm", optional: false]}], "hexpm", "97c538dc5207c1f16f16820d1db0d2dbc1bfca4e7c9b3ba4591fe6e4d0ae7026"},
  "nerves_system_rpi3a": {:hex, :nerves_system_rpi3a, "1.16.2", "d461b6b6a23510152e24e0154576e76d0488abf077fd9886b628b0a67e557ff2", [:mix], [{:nerves, "~> 1.5.4 or ~> 1.6.0 or ~> 1.7.3", [hex: :nerves, repo: "hexpm", optional: false]}, {:nerves_system_br, "1.16.4", [hex: :nerves_system_br, repo: "hexpm", optional: false]}, {:nerves_toolchain_armv7_nerves_linux_gnueabihf, "~> 1.4.3", [hex: :nerves_toolchain_armv7_nerves_linux_gnueabihf, repo: "hexpm", optional: false]}], "hexpm", "ccb3b3af6ed7571e59aee94bc93b26bc25b6aca160d58b30521043100ec5b835"},
  "nerves_system_rpi4": {:hex, :nerves_system_rpi4, "1.16.2", "4fdc8a840579e0cd448957185cbb10794ab1fade33e17d497dc2942583a17d0b", [:mix], [{:nerves, "~> 1.5.4 or ~> 1.6.0 or ~> 1.7.3", [hex: :nerves, repo: "hexpm", optional: false]}, {:nerves_system_br, "1.16.4", [hex: :nerves_system_br, repo: "hexpm", optional: false]}, {:nerves_toolchain_aarch64_nerves_linux_gnu, "~> 1.4.3", [hex: :nerves_toolchain_aarch64_nerves_linux_gnu, repo: "hexpm", optional: false]}], "hexpm", "297cbb5d9e6fe271a4a8d88eb3276f4bd1f0fcc2e5943be3d3ddf8260750a3c4"},
  "nerves_system_x86_64": {:hex, :nerves_system_x86_64, "1.16.2", "51a3ed8ceb09378ff1d54e32e913d99affb9e08cddd22a01fa09acd2edcad729", [:mix], [{:nerves, "~> 1.5.4 or ~> 1.6.0 or ~> 1.7.4", [hex: :nerves, repo: "hexpm", optional: false]}, {:nerves_system_br, "1.16.4", [hex: :nerves_system_br, repo: "hexpm", optional: false]}, {:nerves_toolchain_x86_64_nerves_linux_musl, "~> 1.4.3", [hex: :nerves_toolchain_x86_64_nerves_linux_musl, repo: "hexpm", optional: false]}], "hexpm", "cbc73e636e4adf6c8cc2fad9ef9203c5c3dfb973f4c2d23bce78a8086d33108c"},
  "nerves_time": {:hex, :nerves_time, "0.4.3", "c936ddf7f1f9eb890c8dfcf116f5ac665780351704066282bed15fe6d2cf9b1b", [:make, :mix], [{:elixir_make, "~> 0.6", [hex: :elixir_make, repo: "hexpm", optional: false]}, {:muontrap, "~> 0.5", [hex: :muontrap, repo: "hexpm", optional: false]}], "hexpm", "a8a7d6e129e90ce35296d0e3522580335da8a0413790ad27c33bcea0cb63c4e5"},
  "nerves_toolchain_aarch64_nerves_linux_gnu": {:hex, :nerves_toolchain_aarch64_nerves_linux_gnu, "1.4.3", "6aa784fd3779251a4438e9874ed646492c3a4289f10581d01c4d61acda7d0b2d", [:mix], [{:nerves, "~> 1.4", [hex: :nerves, repo: "hexpm", optional: false]}, {:nerves_toolchain_ctng, "~> 1.8.4", [hex: :nerves_toolchain_ctng, repo: "hexpm", optional: false]}], "hexpm", "75ab06af12118b423b4bba870a4f10d81f83678fd7fc57278927ce9d52516c5e"},
  "nerves_toolchain_armv6_nerves_linux_gnueabihf": {:hex, :nerves_toolchain_armv6_nerves_linux_gnueabihf, "1.4.3", "c75a3975388c3378deb72ed50178f34f8cc47b575b32546d22e522a577f6b8c0", [:mix], [{:nerves, "~> 1.0", [hex: :nerves, repo: "hexpm", optional: false]}, {:nerves_toolchain_ctng, "~> 1.8.4", [hex: :nerves_toolchain_ctng, repo: "hexpm", optional: false]}], "hexpm", "33e3a174ff51f81bca3181560d33c065694828e8c8c72aada0b92a46ba7cfbe5"},
  "nerves_toolchain_armv7_nerves_linux_gnueabihf": {:hex, :nerves_toolchain_armv7_nerves_linux_gnueabihf, "1.4.3", "ff5b8fed2a71daea7ac07a5a0a6ecec7a4985d2a617a89ab073591d441d9cda4", [:mix], [{:nerves, "~> 1.0", [hex: :nerves, repo: "hexpm", optional: false]}, {:nerves_toolchain_ctng, "~> 1.8.4", [hex: :nerves_toolchain_ctng, repo: "hexpm", optional: false]}], "hexpm", "ffefca61b7282a5a10032e61b6dab6758d24eee732c5d8c16fe6aada52dd099a"},
  "nerves_toolchain_ctng": {:hex, :nerves_toolchain_ctng, "1.8.4", "2f6b4153e3904502d117f9d957c12eaafd490e1d2bdf20a85328ada46a1350da", [:mix], [{:nerves, "~> 1.0", [hex: :nerves, repo: "hexpm", optional: false]}], "hexpm", "6194be9b1364fdc1db6b2a0e98fa8dcb94fe1af373dcf8149298d62ce9b1b369"},
  "nerves_toolchain_x86_64_nerves_linux_musl": {:hex, :nerves_toolchain_x86_64_nerves_linux_musl, "1.4.3", "2fb6fd7e618afb0bc2f3114bd316381229b288d7a2f392ea3538359717cd5263", [:mix], [{:nerves, "~> 1.0", [hex: :nerves, repo: "hexpm", optional: false]}, {:nerves_toolchain_ctng, "~> 1.8.4", [hex: :nerves_toolchain_ctng, repo: "hexpm", optional: false]}], "hexpm", "bdb044a2be8fe99d7b2606e478c64051b4a4cac6a4b69a617f0438a20e480a7c"},
  "one_dhcpd": {:hex, :one_dhcpd, "1.0.0", "fbadb9dd3aabdcdc7efd57c9fdb2b85217a615bc0b5bf1e4bef098f952d9b5e4", [:make, :mix], [{:elixir_make, "~> 0.6", [hex: :elixir_make, repo: "hexpm", optional: false]}], "hexpm", "c7b8e241954e2ec75be530c731805c6ff296ef764791ecc5da76e2477c91a4b9"},
  "ring_logger": {:hex, :ring_logger, "0.8.2", "78e0ffbf89b3f5b3c58f8660cb6b6fe2ca7ed5f56dc64e993119189d629c278c", [:mix], [{:circular_buffer, "~> 0.4.0", [hex: :circular_buffer, repo: "hexpm", optional: false]}], "hexpm", "864c8982bfcdc17b7501d00cc2bcede6727ebf95cbeba30e70c795d03f9138c1"},
  "shoehorn": {:hex, :shoehorn, "0.7.0", "fc23870fb6b470f5c520fee692637b120a36e163842ab497bbec7e8a1aa6cfe3", [:mix], [], "hexpm", "eeb317ac677b228906039ccf532a582ad9f6d31d7958c98f5c853fe0459e0243"},
  "ssh_subsystem_fwup": {:hex, :ssh_subsystem_fwup, "0.6.0", "821b9cdf52b8dcc286183bce7641e62589373642a10180cd4cadd8e322bc4e8e", [:mix], [], "hexpm", "e5bcc923af4ae49368177437d20383730d096281beb18e9e9a36806aff1ca750"},
  "system_registry": {:hex, :system_registry, "0.8.2", "df791dc276652fcfb53be4dab823e05f8269b96ac57c26f86a67838dbc0eefe7", [:mix], [], "hexpm", "f7acdede22c73ab0b3735eead7f2095efb2a7a6198366564205274db2ca2a8f8"},
  "toolshed": {:hex, :toolshed, "0.2.25", "909672ae6b8c209cc189ff167e99497734bfed51cf88e0468e2f916afab221f2", [:mix], [{:nerves_runtime, "~> 0.8", [hex: :nerves_runtime, repo: "hexpm", optional: true]}], "hexpm", "a532bc6803a79c0f63b58cf38b00ca9eebb6969fc4f5788a1a4c44fa1bff2e84"},
  "uboot_env": {:hex, :uboot_env, "1.0.0", "fdbe0afe65436f760cd372b16a58ccf7c76bbad1538f1766826e0ddbcaf80980", [:mix], [], "hexpm", "86754d5eae9643ca3094ee1d749b808f9d6f0d41b990e1191709b5a66c2b0757"},
  "vintage_net": {:hex, :vintage_net, "0.11.3", "4b382a63862afb2603d7f0d7581370f4c31384f07ea27197f54d75588562680b", [:make, :mix], [{:beam_notify, "~> 1.0 or ~> 0.2.0", [hex: :beam_notify, repo: "hexpm", optional: false]}, {:elixir_make, "~> 0.6", [hex: :elixir_make, repo: "hexpm", optional: false]}, {:gen_state_machine, "~> 2.0.0 or ~> 2.1.0 or ~> 3.0.0", [hex: :gen_state_machine, repo: "hexpm", optional: false]}, {:muontrap, "~> 1.0 or ~> 0.5.1 or ~> 0.6.0", [hex: :muontrap, repo: "hexpm", optional: false]}], "hexpm", "f1add6fa0ca0cfd2b25a4cd4118877b8abe3f13b85d5043ebb156bfcd8556aeb"},
  "vintage_net_direct": {:hex, :vintage_net_direct, "0.10.3", "23d215dc4dc9e3198f0f1f064721f80ebb649e6f2ff87b7adb2af641f62230f4", [:mix], [{:one_dhcpd, "~> 1.0 or ~> 0.2.3", [hex: :one_dhcpd, repo: "hexpm", optional: false]}, {:vintage_net, "~> 0.9.1 or ~> 0.10.0 or ~> 0.11.0", [hex: :vintage_net, repo: "hexpm", optional: false]}], "hexpm", "221dfb2d1d37fd70b3cda46c607b29dc62e5c23c355b6c47a90b8eb786070006"},
  "vintage_net_ethernet": {:hex, :vintage_net_ethernet, "0.10.3", "5325c590459544f871b0a807061fa37c3833ed8f83b94b0a15d497177503d5c2", [:mix], [{:vintage_net, "~> 0.10.0 or ~> 0.11.0", [hex: :vintage_net, repo: "hexpm", optional: false]}], "hexpm", "4ec1ae7b2188829e493f54e0ba9e36ea53e8c95aecdf5950011ce4f13fe4ed52"},
  "vintage_net_wifi": {:hex, :vintage_net_wifi, "0.10.6", "f5509f7c455ee5f4bc52174ada4d8eaf6e6e597f9d5ba51f17ffed613c0e0a8a", [:make, :mix], [{:elixir_make, "~> 0.6", [hex: :elixir_make, repo: "hexpm", optional: false]}, {:vintage_net, "~> 0.10.0 or ~> 0.11.0", [hex: :vintage_net, repo: "hexpm", optional: false]}], "hexpm", "2d94acb727ba5982e1c17b50cb08594d644f8da7bd8f9a56c68d2de972319080"},
}
